
Microsoft Visual Studio Solution File, Format Version 12.00
# Visual Studio Version 17
VisualStudioVersion = 17.4.33205.214
MinimumVisualStudioVersion = 10.0.40219.1
Project("{9A19103F-16F7-4668-BE54-9A1E7A4F7556}") = "InventoryManagementSystem", "InventoryManagementSystem\InventoryManagementSystem.csproj", "{C5CBD41E-0FD1-496A-AB8B-DECAA9AA9108}"
EndProject
Global
	GlobalSection(SolutionConfigurationPlatforms) = preSolution
		Debug|Any CPU = Debug|Any CPU
		Release|Any CPU = Release|Any CPU
	EndGlobalSection
	GlobalSection(ProjectConfigurationPlatforms) = postSolution
		{C5CBD41E-0FD1-496A-AB8B-DECAA9AA9108}.Debug|Any CPU.ActiveCfg = Debug|Any CPU
		{C5CBD41E-0FD1-496A-AB8B-DECAA9AA9108}.Debug|Any CPU.Build.0 = Debug|Any CPU
		{C5CBD41E-0FD1-496A-AB8B-DECAA9AA9108}.Release|Any CPU.ActiveCfg = Release|Any CPU
		{C5CBD41E-0FD1-496A-AB8B-DECAA9AA9108}.Release|Any CPU.Build.0 = Release|Any CPU
	EndGlobalSection
	GlobalSection(SolutionProperties) = preSolution
		HideSolutionNode = FALSE
	EndGlobalSection
	GlobalSection(ExtensibilityGlobals) = postSolution
		SolutionGuid = {68140290-F793-4C3D-BD89-40E84EC64491}
	EndGlobalSection
EndGlobal
